// !$*UTF8*$!
{
	archiveVersion = 1;
	classes = {
	};
	objectVersion = 48;
	objects = {

/* Begin PBXBuildFile section */
		15227E93AEE7EA22B4F72219 /* Pods_WeatherApp.framework in Frameworks */ = {isa = PBXBuildFile; fileRef = 89619DA6F1EE17639D5D1C12 /* Pods_WeatherApp.framework */; };
		2F5B4CA71F7A0A3E000AA502 /* AppDelegate.swift in Sources */ = {isa = PBXBuildFile; fileRef = 2F5B4CA61F7A0A3E000AA502 /* AppDelegate.swift */; };
		2F5B4CA91F7A0A3E000AA502 /* ViewController.swift in Sources */ = {isa = PBXBuildFile; fileRef = 2F5B4CA81F7A0A3E000AA502 /* ViewController.swift */; };
		2F5B4CAC1F7A0A3F000AA502 /* Main.storyboard in Resources */ = {isa = PBXBuildFile; fileRef = 2F5B4CAA1F7A0A3F000AA502 /* Main.storyboard */; };
		2F5B4CAE1F7A0A3F000AA502 /* Assets.xcassets in Resources */ = {isa = PBXBuildFile; fileRef = 2F5B4CAD1F7A0A3F000AA502 /* Assets.xcassets */; };
		2F5B4CB11F7A0A3F000AA502 /* LaunchScreen.storyboard in Resources */ = {isa = PBXBuildFile; fileRef = 2F5B4CAF1F7A0A3F000AA502 /* LaunchScreen.storyboard */; };
		2F876D921F7A373C004098F1 /* WeatherDataModel.swift in Sources */ = {isa = PBXBuildFile; fileRef = 2F876D911F7A373C004098F1 /* WeatherDataModel.swift */; };
		2F876D941F7A38C8004098F1 /* Default-568h@2x.png in Resources */ = {isa = PBXBuildFile; fileRef = 2F876D931F7A38C8004098F1 /* Default-568h@2x.png */; };
		2F876D961F7A3F06004098F1 /* ChangeCityViewController.swift in Sources */ = {isa = PBXBuildFile; fileRef = 2F876D951F7A3F06004098F1 /* ChangeCityViewController.swift */; };
/* End PBXBuildFile section */

/* Begin PBXFileReference section */
		2F5B4CA31F7A0A3E000AA502 /* WeatherApp.app */ = {isa = PBXFileReference; explicitFileType = wrapper.application; includeInIndex = 0; path = WeatherApp.app; sourceTree = BUILT_PRODUCTS_DIR; };
		2F5B4CA61F7A0A3E000AA502 /* AppDelegate.swift */ = {isa = PBXFileReference; lastKnownFileType = sourcecode.swift; path = AppDelegate.swift; sourceTree = "<group>"; };
		2F5B4CA81F7A0A3E000AA502 /* ViewController.swift */ = {isa = PBXFileReference; lastKnownFileType = sourcecode.swift; path = ViewController.swift; sourceTree = "<group>"; };
		2F5B4CAB1F7A0A3F000AA502 /* Base */ = {isa = PBXFileReference; lastKnownFileType = file.storyboard; name = Base; path = Base.lproj/Main.storyboard; sourceTree = "<group>"; };
		2F5B4CAD1F7A0A3F000AA502 /* Assets.xcassets */ = {isa = PBXFileReference; lastKnownFileType = folder.assetcatalog; path = Assets.xcassets; sourceTree = "<group>"; };
		2F5B4CB01F7A0A3F000AA502 /* Base */ = {isa = PBXFileReference; lastKnownFileType = file.storyboard; name = Base; path = Base.lproj/LaunchScreen.storyboard; sourceTree = "<group>"; };
		2F5B4CB21F7A0A3F000AA502 /* Info.plist */ = {isa = PBXFileReference; lastKnownFileType = text.plist.xml; path = Info.plist; sourceTree = "<group>"; };
		2F876D911F7A373C004098F1 /* WeatherDataModel.swift */ = {isa = PBXFileReference; lastKnownFileType = sourcecode.swift; path = WeatherDataModel.swift; sourceTree = "<group>"; };
		2F876D931F7A38C8004098F1 /* Default-568h@2x.png */ = {isa = PBXFileReference; lastKnownFileType = image.png; path = "Default-568h@2x.png"; sourceTree = "<group>"; };
		2F876D951F7A3F06004098F1 /* ChangeCityViewController.swift */ = {isa = PBXFileReference; lastKnownFileType = sourcecode.swift; path = ChangeCityViewController.swift; sourceTree = "<group>"; };
		89619DA6F1EE17639D5D1C12 /* Pods_WeatherApp.framework */ = {isa = PBXFileReference; explicitFileType = wrapper.framework; includeInIndex = 0; path = Pods_WeatherApp.framework; sourceTree = BUILT_PRODUCTS_DIR; };
		D42BF5D71F23E40DD38229E2 /* Pods-WeatherApp.release.xcconfig */ = {isa = PBXFileReference; includeInIndex = 1; lastKnownFileType = text.xcconfig; name = "Pods-WeatherApp.release.xcconfig"; path = "Pods/Target Support Files/Pods-WeatherApp/Pods-WeatherApp.release.xcconfig"; sourceTree = "<group>"; };
		ED724A70830D2258234113FE /* Pods-WeatherApp.debug.xcconfig */ = {isa = PBXFileReference; includeInIndex = 1; lastKnownFileType = text.xcconfig; name = "Pods-WeatherApp.debug.xcconfig"; path = "Pods/Target Support Files/Pods-WeatherApp/Pods-WeatherApp.debug.xcconfig"; sourceTree = "<group>"; };
/* End PBXFileReference section */

/* Begin PBXFrameworksBuildPhase section */
		2F5B4CA01F7A0A3E000AA502 /* Frameworks */ = {
			isa = PBXFrameworksBuildPhase;
			buildActionMask = 2147483647;
			files = (
				15227E93AEE7EA22B4F72219 /* Pods_WeatherApp.framework in Frameworks */,
			);
			runOnlyForDeploymentPostprocessing = 0;
		};
/* End PBXFrameworksBuildPhase section */

/* Begin PBXGroup section */
		100274212D1AAF9098A1FB21 /* Frameworks */ = {
			isa = PBXGroup;
			children = (
				89619DA6F1EE17639D5D1C12 /* Pods_WeatherApp.framework */,
			);
			name = Frameworks;
			sourceTree = "<group>";
		};
		281E44B3660A19DCE847F630 /* Pods */ = {
			isa = PBXGroup;
			children = (
				ED724A70830D2258234113FE /* Pods-WeatherApp.debug.xcconfig */,
				D42BF5D71F23E40DD38229E2 /* Pods-WeatherApp.release.xcconfig */,
			);
			name = Pods;
			sourceTree = "<group>";
		};
		2F5B4C9A1F7A0A3E000AA502 = {
			isa = PBXGroup;
			children = (
				2F876D931F7A38C8004098F1 /* Default-568h@2x.png */,
				2F5B4CA51F7A0A3E000AA502 /* WeatherApp */,
				2F5B4CB21F7A0A3F000AA502 /* Info.plist */,
				2F5B4CA41F7A0A3E000AA502 /* Products */,
				281E44B3660A19DCE847F630 /* Pods */,
				100274212D1AAF9098A1FB21 /* Frameworks */,
			);
			sourceTree = "<group>";
		};
		2F5B4CA41F7A0A3E000AA502 /* Products */ = {
			isa = PBXGroup;
			children = (
				2F5B4CA31F7A0A3E000AA502 /* WeatherApp.app */,
			);
			name = Products;
			sourceTree = "<group>";
		};
		2F5B4CA51F7A0A3E000AA502 /* WeatherApp */ = {
			isa = PBXGroup;
			children = (
				2F876D901F7A3702004098F1 /* Supporting Files */,
				2F876D8F1F7A36FA004098F1 /* Controller */,
				2F876D8E1F7A36F4004098F1 /* Model */,
				2F876D8D1F7A36EF004098F1 /* View */,
			);
			path = WeatherApp;
			sourceTree = "<group>";
		};
		2F876D8D1F7A36EF004098F1 /* View */ = {
			isa = PBXGroup;
			children = (
				2F5B4CAA1F7A0A3F000AA502 /* Main.storyboard */,
				2F5B4CAD1F7A0A3F000AA502 /* Assets.xcassets */,
				2F5B4CAF1F7A0A3F000AA502 /* LaunchScreen.storyboard */,
			);
			path = View;
			sourceTree = "<group>";
		};
		2F876D8E1F7A36F4004098F1 /* Model */ = {
			isa = PBXGroup;
			children = (
				2F876D911F7A373C004098F1 /* WeatherDataModel.swift */,
			);
			path = Model;
			sourceTree = "<group>";
		};
		2F876D8F1F7A36FA004098F1 /* Controller */ = {
			isa = PBXGroup;
			children = (
				2F5B4CA61F7A0A3E000AA502 /* AppDelegate.swift */,
				2F5B4CA81F7A0A3E000AA502 /* ViewController.swift */,
				2F876D951F7A3F06004098F1 /* ChangeCityViewController.swift */,
			);
			path = Controller;
			sourceTree = "<group>";
		};
		2F876D901F7A3702004098F1 /* Supporting Files */ = {
			isa = PBXGroup;
			children = (
			);
			path = "Supporting Files";
			sourceTree = "<group>";
		};
/* End PBXGroup section */

/* Begin PBXNativeTarget section */
		2F5B4CA21F7A0A3E000AA502 /* WeatherApp */ = {
			isa = PBXNativeTarget;
			buildConfigurationList = 2F5B4CB51F7A0A3F000AA502 /* Build configuration list for PBXNativeTarget "WeatherApp" */;
			buildPhases = (
				96E14FA7F4BDB4E290037CEC /* [CP] Check Pods Manifest.lock */,
				2F5B4C9F1F7A0A3E000AA502 /* Sources */,
				2F5B4CA01F7A0A3E000AA502 /* Frameworks */,
				2F5B4CA11F7A0A3E000AA502 /* Resources */,
				943823D74AAD2B20E414FEFC /* [CP] Embed Pods Frameworks */,
				B5C7DA375BA713344E3F39F6 /* [CP] Copy Pods Resources */,
			);
			buildRules = (
			);
			dependencies = (
			);
			name = WeatherApp;
			productName = WeatherApp;
			productReference = 2F5B4CA31F7A0A3E000AA502 /* WeatherApp.app */;
			productType = "com.apple.product-type.application";
		};
/* End PBXNativeTarget section */

/* Begin PBXProject section */
		2F5B4C9B1F7A0A3E000AA502 /* Project object */ = {
			isa = PBXProject;
			attributes = {
				LastSwiftUpdateCheck = 0900;
				LastUpgradeCheck = 0900;
				ORGANIZATIONNAME = "69 Rising";
				TargetAttributes = {
					2F5B4CA21F7A0A3E000AA502 = {
						CreatedOnToolsVersion = 9.0;
						ProvisioningStyle = Automatic;
					};
				};
			};
			buildConfigurationList = 2F5B4C9E1F7A0A3E000AA502 /* Build configuration list for PBXProject "WeatherApp" */;
			compatibilityVersion = "Xcode 8.0";
			developmentRegion = en;
			hasScannedForEncodings = 0;
			knownRegions = (
				en,
				Base,
			);
			mainGroup = 2F5B4C9A1F7A0A3E000AA502;
			productRefGroup = 2F5B4CA41F7A0A3E000AA502 /* Products */;
			projectDirPath = "";
			projectRoot = "";
			targets = (
				2F5B4CA21F7A0A3E000AA502 /* WeatherApp */,
			);
		};
/* End PBXProject section */

/* Begin PBXResourcesBuildPhase section */
		2F5B4CA11F7A0A3E000AA502 /* Resources */ = {
			isa = PBXResourcesBuildPhase;
			buildActionMask = 2147483647;
			files = (
				2F5B4CB11F7A0A3F000AA502 /* LaunchScreen.storyboard in Resources */,
				2F876D941F7A38C8004098F1 /* Default-568h@2x.png in Resources */,
				2F5B4CAE1F7A0A3F000AA502 /* Assets.xcassets in Resources */,
				2F5B4CAC1F7A0A3F000AA502 /* Main.storyboard in Resources */,
			);
			runOnlyForDeploymentPostprocessing = 0;
		};
/* End PBXResourcesBuildPhase section */

/* Begin PBXShellScriptBuildPhase section */
		943823D74AAD2B20E414FEFC /* [CP] Embed Pods Frameworks */ = {
			isa = PBXShellScriptBuildPhase;
			buildActionMask = 2147483647;
			files = (
			);
			inputPaths = (
				"${SRCROOT}/Pods/Target Support Files/Pods-WeatherApp/Pods-WeatherApp-frameworks.sh",
				"${BUILT_PRODUCTS_DIR}/Alamofire/Alamofire.framework",
				"${BUILT_PRODUCTS_DIR}/DateToolsSwift/DateToolsSwift.framework",
				"${BUILT_PRODUCTS_DIR}/ProgressHUD/ProgressHUD.framework",
				"${BUILT_PRODUCTS_DIR}/SwiftyJSON/SwiftyJSON.framework",
			);
			name = "[CP] Embed Pods Frameworks";
			outputPaths = (
				"${TARGET_BUILD_DIR}/${FRAMEWORKS_FOLDER_PATH}/Alamofire.framework",
				"${TARGET_BUILD_DIR}/${FRAMEWORKS_FOLDER_PATH}/DateToolsSwift.framework",
				"${TARGET_BUILD_DIR}/${FRAMEWORKS_FOLDER_PATH}/ProgressHUD.framework",
				"${TARGET_BUILD_DIR}/${FRAMEWORKS_FOLDER_PATH}/SwiftyJSON.framework",
			);
			runOnlyForDeploymentPostprocessing = 0;
			shellPath = /bin/sh;
			shellScript = "\"${SRCROOT}/Pods/Target Support Files/Pods-WeatherApp/Pods-WeatherApp-frameworks.sh\"\n";
			showEnvVarsInLog = 0;
		};
		96E14FA7F4BDB4E290037CEC /* [CP] Check Pods Manifest.lock */ = {
			isa = PBXShellScriptBuildPhase;
			buildActionMask = 2147483647;
			files = (
			);
			inputPaths = (
				"${PODS_PODFILE_DIR_PATH}/Podfile.lock",
				"${PODS_ROOT}/Manifest.lock",
			);
			name = "[CP] Check Pods Manifest.lock";
			outputPaths = (
				"$(DERIVED_FILE_DIR)/Pods-WeatherApp-checkManifestLockResult.txt",
			);
			runOnlyForDeploymentPostprocessing = 0;
			shellPath = /bin/sh;
			shellScript = "diff \"${PODS_PODFILE_DIR_PATH}/Podfile.lock\" \"${PODS_ROOT}/Manifest.lock\" > /dev/null\nif [ $? != 0 ] ; then\n    # print error to STDERR\n    echo \"error: The sandbox is not in sync with the Podfile.lock. Run 'pod install' or update your CocoaPods installation.\" >&2\n    exit 1\nfi\n# This output is used by Xcode 'outputs' to avoid re-running this script phase.\necho \"SUCCESS\" > \"${SCRIPT_OUTPUT_FILE_0}\"\n";
			showEnvVarsInLog = 0;
		};
		B5C7DA375BA713344E3F39F6 /* [CP] Copy Pods Resources */ = {
			isa = PBXShellScriptBuildPhase;
			buildActionMask = 2147483647;
			files = (
			);
			inputPaths = (
			);
			name = "[CP] Copy Pods Resources";
			outputPaths = (
			);
			runOnlyForDeploymentPostprocessing = 0;
			shellPath = /bin/sh;
			shellScript = "\"${SRCROOT}/Pods/Target Support Files/Pods-WeatherApp/Pods-WeatherApp-resources.sh\"\n";
			showEnvVarsInLog = 0;
		};
/* End PBXShellScriptBuildPhase section */

/* Begin PBXSourcesBuildPhase section */
		2F5B4C9F1F7A0A3E000AA502 /* Sources */ = {
			isa = PBXSourcesBuildPhase;
			buildActionMask = 2147483647;
			files = (
				2F5B4CA91F7A0A3E000AA502 /* ViewController.swift in Sources */,
				2F5B4CA71F7A0A3E000AA502 /* AppDelegate.swift in Sources */,
				2F876D921F7A373C004098F1 /* WeatherDataModel.swift in Sources */,
				2F876D961F7A3F06004098F1 /* ChangeCityViewController.swift in Sources */,
			);
			runOnlyForDeploymentPostprocessing = 0;
		};
/* End PBXSourcesBuildPhase section */

/* Begin PBXVariantGroup section */
		2F5B4CAA1F7A0A3F000AA502 /* Main.storyboard */ = {
			isa = PBXVariantGroup;
			children = (
				2F5B4CAB1F7A0A3F000AA502 /* Base */,
			);
			name = Main.storyboard;
			sourceTree = "<group>";
		};
		2F5B4CAF1F7A0A3F000AA502 /* LaunchScreen.storyboard */ = {
			isa = PBXVariantGroup;
			children = (
				2F5B4CB01F7A0A3F000AA502 /* Base */,
			);
			name = LaunchScreen.storyboard;
			sourceTree = "<group>";
		};
/* End PBXVariantGroup section */

/* Begin XCBuildConfiguration section */
		2F5B4CB31F7A0A3F000AA502 /* Debug */ = {
			isa = XCBuildConfiguration;
			buildSettings = {
				ALWAYS_SEARCH_USER_PATHS = NO;
				CLANG_ANALYZER_NONNULL = YES;
				CLANG_ANALYZER_NUMBER_OBJECT_CONVERSION = YES_AGGRESSIVE;
				CLANG_CXX_LANGUAGE_STANDARD = "gnu++14";
				CLANG_CXX_LIBRARY = "libc++";
				CLANG_ENABLE_MODULES = YES;
				CLANG_ENABLE_OBJC_ARC = YES;
				CLANG_WARN_BLOCK_CAPTURE_AUTORELEASING = YES;
				CLANG_WARN_BOOL_CONVERSION = YES;
				CLANG_WARN_COMMA = YES;
				CLANG_WARN_CONSTANT_CONVERSION = YES;
				CLANG_WARN_DIRECT_OBJC_ISA_USAGE = YES_ERROR;
				CLANG_WARN_DOCUMENTATION_COMMENTS = YES;
				CLANG_WARN_EMPTY_BODY = YES;
				CLANG_WARN_ENUM_CONVERSION = YES;
				CLANG_WARN_INFINITE_RECURSION = YES;
				CLANG_WARN_INT_CONVERSION = YES;
				CLANG_WARN_NON_LITERAL_NULL_CONVERSION = YES;
				CLANG_WARN_OBJC_LITERAL_CONVERSION = YES;
				CLANG_WARN_OBJC_ROOT_CLASS = YES_ERROR;
				CLANG_WARN_RANGE_LOOP_ANALYSIS = YES;
				CLANG_WARN_STRICT_PROTOTYPES = YES;
				CLANG_WARN_SUSPICIOUS_MOVE = YES;
				CLANG_WARN_UNGUARDED_AVAILABILITY = YES_AGGRESSIVE;
				CLANG_WARN_UNREACHABLE_CODE = YES;
				CLANG_WARN__DUPLICATE_METHOD_MATCH = YES;
				CODE_SIGN_IDENTITY = "iPhone Developer";
				COPY_PHASE_STRIP = NO;
				DEBUG_INFORMATION_FORMAT = dwarf;
				ENABLE_STRICT_OBJC_MSGSEND = YES;
				ENABLE_TESTABILITY = YES;
				GCC_C_LANGUAGE_STANDARD = gnu11;
				GCC_DYNAMIC_NO_PIC = NO;
				GCC_NO_COMMON_BLOCKS = YES;
				GCC_OPTIMIZATION_LEVEL = 0;
				GCC_PREPROCESSOR_DEFINITIONS = (
					"DEBUG=1",
					"$(inherited)",
				);
				GCC_WARN_64_TO_32_BIT_CONVERSION = YES;
				GCC_WARN_ABOUT_RETURN_TYPE = YES_ERROR;
				GCC_WARN_UNDECLARED_SELECTOR = YES;
				GCC_WARN_UNINITIALIZED_AUTOS = YES_AGGRESSIVE;
				GCC_WARN_UNUSED_FUNCTION = YES;
				GCC_WARN_UNUSED_VARIABLE = YES;
				IPHONEOS_DEPLOYMENT_TARGET = 11.0;
				MTL_ENABLE_DEBUG_INFO = YES;
				ONLY_ACTIVE_ARCH = YES;
				SDKROOT = iphoneos;
				SWIFT_ACTIVE_COMPILATION_CONDITIONS = DEBUG;
				SWIFT_OPTIMIZATION_LEVEL = "-Onone";
			};
			name = Debug;
		};
		2F5B4CB41F7A0A3F000AA502 /* Release */ = {
			isa = XCBuildConfiguration;
			buildSettings = {
				ALWAYS_SEARCH_USER_PATHS = NO;
				CLANG_ANALYZER_NONNULL = YES;
				CLANG_ANALYZER_NUMBER_OBJECT_CONVERSION = YES_AGGRESSIVE;
				CLANG_CXX_LANGUAGE_STANDARD = "gnu++14";
				CLANG_CXX_LIBRARY = "libc++";
				CLANG_ENABLE_MODULES = YES;
				CLANG_ENABLE_OBJC_ARC = YES;
				CLANG_WARN_BLOCK_CAPTURE_AUTORELEASING = YES;
				CLANG_WARN_BOOL_CONVERSION = YES;
				CLANG_WARN_COMMA = YES;
				CLANG_WARN_CONSTANT_CONVERSION = YES;
				CLANG_WARN_DIRECT_OBJC_ISA_USAGE = YES_ERROR;
				CLANG_WARN_DOCUMENTATION_COMMENTS = YES;
				CLANG_WARN_EMPTY_BODY = YES;
				CLANG_WARN_ENUM_CONVERSION = YES;
				CLANG_WARN_INFINITE_RECURSION = YES;
				CLANG_WARN_INT_CONVERSION = YES;
				CLANG_WARN_NON_LITERAL_NULL_CONVERSION = YES;
				CLANG_WARN_OBJC_LITERAL_CONVERSION = YES;
				CLANG_WARN_OBJC_ROOT_CLASS = YES_ERROR;
				CLANG_WARN_RANGE_LOOP_ANALYSIS = YES;
				CLANG_WARN_STRICT_PROTOTYPES = YES;
				CLANG_WARN_SUSPICIOUS_MOVE = YES;
				CLANG_WARN_UNGUARDED_AVAILABILITY = YES_AGGRESSIVE;
				CLANG_WARN_UNREACHABLE_CODE = YES;
				CLANG_WARN__DUPLICATE_METHOD_MATCH = YES;
				CODE_SIGN_IDENTITY = "iPhone Developer";
				COPY_PHASE_STRIP = NO;
				DEBUG_INFORMATION_FORMAT = "dwarf-with-dsym";
				ENABLE_NS_ASSERTIONS = NO;
				ENABLE_STRICT_OBJC_MSGSEND = YES;
				GCC_C_LANGUAGE_STANDARD = gnu11;
				GCC_NO_COMMON_BLOCKS = YES;
				GCC_WARN_64_TO_32_BIT_CONVERSION = YES;
				GCC_WARN_ABOUT_RETURN_TYPE = YES_ERROR;
				GCC_WARN_UNDECLARED_SELECTOR = YES;
				GCC_WARN_UNINITIALIZED_AUTOS = YES_AGGRESSIVE;
				GCC_WARN_UNUSED_FUNCTION = YES;
				GCC_WARN_UNUSED_VARIABLE = YES;
				IPHONEOS_DEPLOYMENT_TARGET = 11.0;
				MTL_ENABLE_DEBUG_INFO = NO;
				SDKROOT = iphoneos;
				SWIFT_OPTIMIZATION_LEVEL = "-Owholemodule";
				VALIDATE_PRODUCT = YES;
			};
			name = Release;
		};
		2F5B4CB61F7A0A3F000AA502 /* Debug */ = {
			isa = XCBuildConfiguration;
			baseConfigurationReference = ED724A70830D2258234113FE /* Pods-WeatherApp.debug.xcconfig */;
			buildSettings = {
				ASSETCATALOG_COMPILER_APPICON_NAME = AppIcon;
				CODE_SIGN_STYLE = Automatic;
				DEVELOPMENT_TEAM = QPH82DZ4LV;
				INFOPLIST_FILE = "$(SRCROOT)/Info.plist";
				LD_RUNPATH_SEARCH_PATHS = "$(inherited) @executable_path/Frameworks";
				PRODUCT_BUNDLE_IDENTIFIER = com.69rising.WeatherApp;
				PRODUCT_NAME = "$(TARGET_NAME)";
				SWIFT_VERSION = 4.0;
				TARGETED_DEVICE_FAMILY = "1,2";
			};
			name = Debug;
		};
		2F5B4CB71F7A0A3F000AA502 /* Release */ = {
			isa = XCBuildConfiguration;
			baseConfigurationReference = D42BF5D71F23E40DD38229E2 /* Pods-WeatherApp.release.xcconfig */;
			buildSettings = {
				ASSETCATALOG_COMPILER_APPICON_NAME = AppIcon;
				CODE_SIGN_STYLE = Automatic;
				DEVELOPMENT_TEAM = QPH82DZ4LV;
				INFOPLIST_FILE = "$(SRCROOT)/Info.plist";
				LD_RUNPATH_SEARCH_PATHS = "$(inherited) @executable_path/Frameworks";
				PRODUCT_BUNDLE_IDENTIFIER = com.69rising.WeatherApp;
				PRODUCT_NAME = "$(TARGET_NAME)";
				SWIFT_VERSION = 4.0;
				TARGETED_DEVICE_FAMILY = "1,2";
			};
			name = Release;
		};
/* End XCBuildConfiguration section */

/* Begin XCConfigurationList section */
		2F5B4C9E1F7A0A3E000AA502 /* Build configuration list for PBXProject "WeatherApp" */ = {
			isa = XCConfigurationList;
			buildConfigurations = (
				2F5B4CB31F7A0A3F000AA502 /* Debug */,
				2F5B4CB41F7A0A3F000AA502 /* Release */,
			);
			defaultConfigurationIsVisible = 0;
			defaultConfigurationName = Release;
		};
		2F5B4CB51F7A0A3F000AA502 /* Build configuration list for PBXNativeTarget "WeatherApp" */ = {
			isa = XCConfigurationList;
			buildConfigurations = (
				2F5B4CB61F7A0A3F000AA502 /* Debug */,
				2F5B4CB71F7A0A3F000AA502 /* Release */,
			);
			defaultConfigurationIsVisible = 0;
			defaultConfigurationName = Release;
		};
/* End XCConfigurationList section */
	};
	rootObject = 2F5B4C9B1F7A0A3E000AA502 /* Project object */;
}
